
Microsoft Visual Studio Solution File, Format Version 12.00
# Visual Studio Version 17
VisualStudioVersion = 17.4.33110.190
MinimumVisualStudioVersion = 10.0.40219.1
Project("{FAE04EC0-301F-11D3-BF4B-00C04F79EFBC}") = "NotificationHub.API", "NotificationHub\NotificationHub.API.csproj", "{FFE9702E-DE53-4F0F-A271-64EA630866A9}"
EndProject
Project("{FAE04EC0-301F-11D3-BF4B-00C04F79EFBC}") = "NotificationHub.Domain", "NotificationHub.Domain\NotificationHub.Domain.csproj", "{9454F596-02CC-466B-A8DE-C39BD59AD53A}"
EndProject
Global
	GlobalSection(SolutionConfigurationPlatforms) = preSolution
		Debug|Any CPU = Debug|Any CPU
		Release|Any CPU = Release|Any CPU
	EndGlobalSection
	GlobalSection(ProjectConfigurationPlatforms) = postSolution
		{FFE9702E-DE53-4F0F-A271-64EA630866A9}.Debug|Any CPU.ActiveCfg = Debug|Any CPU
		{FFE9702E-DE53-4F0F-A271-64EA630866A9}.Debug|Any CPU.Build.0 = Debug|Any CPU
		{FFE9702E-DE53-4F0F-A271-64EA630866A9}.Release|Any CPU.ActiveCfg = Release|Any CPU
		{FFE9702E-DE53-4F0F-A271-64EA630866A9}.Release|Any CPU.Build.0 = Release|Any CPU
		{9454F596-02CC-466B-A8DE-C39BD59AD53A}.Debug|Any CPU.ActiveCfg = Debug|Any CPU
		{9454F596-02CC-466B-A8DE-C39BD59AD53A}.Debug|Any CPU.Build.0 = Debug|Any CPU
		{9454F596-02CC-466B-A8DE-C39BD59AD53A}.Release|Any CPU.ActiveCfg = Release|Any CPU
		{9454F596-02CC-466B-A8DE-C39BD59AD53A}.Release|Any CPU.Build.0 = Release|Any CPU
	EndGlobalSection
	GlobalSection(SolutionProperties) = preSolution
		HideSolutionNode = FALSE
	EndGlobalSection
	GlobalSection(ExtensibilityGlobals) = postSolution
		SolutionGuid = {691CD152-9FF8-4F6A-8B7C-0E41F51DA36E}
	EndGlobalSection
EndGlobal
